// !$*UTF8*$!
{
	archiveVersion = 1;
	classes = {
	};
	objectVersion = 52;
	objects = {

/* Begin PBXBuildFile section */
		4B0C734624576F0900B4AD3C /* TodoItemCell.swift in Sources */ = {isa = PBXBuildFile; fileRef = 4B0C734524576F0900B4AD3C /* TodoItemCell.swift */; };
		4B0EF1852458B0DD003D2E99 /* TodoItem.swift in Sources */ = {isa = PBXBuildFile; fileRef = 4B0EF1842458B0DD003D2E99 /* TodoItem.swift */; };
		4B11FEFA245C4BD3005DC9FA /* TodoItemMapper.swift in Sources */ = {isa = PBXBuildFile; fileRef = 4B11FEF9245C4BD3005DC9FA /* TodoItemMapper.swift */; };
		4B2745D5245F31730034043F /* TodoModel in Frameworks */ = {isa = PBXBuildFile; productRef = 4B2745D4245F31730034043F /* TodoModel */; };
		4B5B17002458AD7B002F56AE /* TodoDetailsViewController.swift in Sources */ = {isa = PBXBuildFile; fileRef = 4B5B16FF2458AD7B002F56AE /* TodoDetailsViewController.swift */; };
		4B5B17042458ADAF002F56AE /* TagCell.swift in Sources */ = {isa = PBXBuildFile; fileRef = 4B5B17032458ADAF002F56AE /* TagCell.swift */; };
		4B612569245F2C7F00BE68B5 /* CRDT in Frameworks */ = {isa = PBXBuildFile; productRef = 4B612568245F2C7F00BE68B5 /* CRDT */; };
		4B9CD2D92458C2A200E515A1 /* Store.swift in Sources */ = {isa = PBXBuildFile; fileRef = 4B9CD2D82458C2A200E515A1 /* Store.swift */; };
		4B9CD2DD2459F86F00E515A1 /* KeyboardLayoutGuide in Frameworks */ = {isa = PBXBuildFile; productRef = 4B9CD2DC2459F86F00E515A1 /* KeyboardLayoutGuide */; };
		4BA692B024576031009EA08A /* AppDelegate.swift in Sources */ = {isa = PBXBuildFile; fileRef = 4BA692AF24576031009EA08A /* AppDelegate.swift */; };
		4BA692B224576031009EA08A /* SceneDelegate.swift in Sources */ = {isa = PBXBuildFile; fileRef = 4BA692B124576031009EA08A /* SceneDelegate.swift */; };
		4BA692B424576031009EA08A /* TodoListViewController.swift in Sources */ = {isa = PBXBuildFile; fileRef = 4BA692B324576031009EA08A /* TodoListViewController.swift */; };
		4BA692B724576031009EA08A /* Main.storyboard in Resources */ = {isa = PBXBuildFile; fileRef = 4BA692B524576031009EA08A /* Main.storyboard */; };
		4BA692B924576037009EA08A /* Assets.xcassets in Resources */ = {isa = PBXBuildFile; fileRef = 4BA692B824576037009EA08A /* Assets.xcassets */; };
		4BA692BC24576037009EA08A /* LaunchScreen.storyboard in Resources */ = {isa = PBXBuildFile; fileRef = 4BA692BA24576037009EA08A /* LaunchScreen.storyboard */; };
		4BA692C724576037009EA08A /* TodoMVCTests.swift in Sources */ = {isa = PBXBuildFile; fileRef = 4BA692C624576037009EA08A /* TodoMVCTests.swift */; };
		4BC6B0B5245F069C00C2585B /* RestClient.swift in Sources */ = {isa = PBXBuildFile; fileRef = 4BC6B0B4245F069C00C2585B /* RestClient.swift */; };
		4BC6B0B8245F0A7200C2585B /* TodoListPresenter.swift in Sources */ = {isa = PBXBuildFile; fileRef = 4BC6B0B7245F0A7200C2585B /* TodoListPresenter.swift */; };
		4BC6B0E8245F0E4200C2585B /* KRProgressHUD.framework in Frameworks */ = {isa = PBXBuildFile; fileRef = 4BC6B0E6245F0E4200C2585B /* KRProgressHUD.framework */; };
		4BC6B0EA245F0E4200C2585B /* KRActivityIndicatorView.framework in Frameworks */ = {isa = PBXBuildFile; fileRef = 4BC6B0E7245F0E4200C2585B /* KRActivityIndicatorView.framework */; };
/* End PBXBuildFile section */

/* Begin PBXContainerItemProxy section */
		4BA692C324576037009EA08A /* PBXContainerItemProxy */ = {
			isa = PBXContainerItemProxy;
			containerPortal = 4BA692A424576031009EA08A /* Project object */;
			proxyType = 1;
			remoteGlobalIDString = 4BA692AB24576031009EA08A;
			remoteInfo = TodoMVC;
		};
/* End PBXContainerItemProxy section */

/* Begin PBXFileReference section */
		4B0C734524576F0900B4AD3C /* TodoItemCell.swift */ = {isa = PBXFileReference; lastKnownFileType = sourcecode.swift; path = TodoItemCell.swift; sourceTree = "<group>"; };
		4B0EF1842458B0DD003D2E99 /* TodoItem.swift */ = {isa = PBXFileReference; lastKnownFileType = sourcecode.swift; path = TodoItem.swift; sourceTree = "<group>"; };
		4B11FEF9245C4BD3005DC9FA /* TodoItemMapper.swift */ = {isa = PBXFileReference; lastKnownFileType = sourcecode.swift; path = TodoItemMapper.swift; sourceTree = "<group>"; };
		4B5B16FF2458AD7B002F56AE /* TodoDetailsViewController.swift */ = {isa = PBXFileReference; lastKnownFileType = sourcecode.swift; path = TodoDetailsViewController.swift; sourceTree = "<group>"; };
		4B5B17032458ADAF002F56AE /* TagCell.swift */ = {isa = PBXFileReference; lastKnownFileType = sourcecode.swift; path = TagCell.swift; sourceTree = "<group>"; };
		4B689140245C9DCF0089DA08 /* TodoModel.framework */ = {isa = PBXFileReference; explicitFileType = wrapper.framework; path = TodoModel.framework; sourceTree = BUILT_PRODUCTS_DIR; };
		4B689142245C9DDA0089DA08 /* TodoModel.framework */ = {isa = PBXFileReference; explicitFileType = wrapper.framework; path = TodoModel.framework; sourceTree = BUILT_PRODUCTS_DIR; };
		4B6E22DB245C8411004EC26F /* libTodoModel.a */ = {isa = PBXFileReference; explicitFileType = archive.ar; path = libTodoModel.a; sourceTree = BUILT_PRODUCTS_DIR; };
		4B8E29C5245A195F00F18B34 /* CRDT.framework */ = {isa = PBXFileReference; lastKnownFileType = wrapper.framework; path = CRDT.framework; sourceTree = BUILT_PRODUCTS_DIR; };
		4B9CD2D82458C2A200E515A1 /* Store.swift */ = {isa = PBXFileReference; lastKnownFileType = sourcecode.swift; path = Store.swift; sourceTree = "<group>"; };
		4BA692AC24576031009EA08A /* TodoMVC.app */ = {isa = PBXFileReference; explicitFileType = wrapper.application; includeInIndex = 0; path = TodoMVC.app; sourceTree = BUILT_PRODUCTS_DIR; };
		4BA692AF24576031009EA08A /* AppDelegate.swift */ = {isa = PBXFileReference; lastKnownFileType = sourcecode.swift; path = AppDelegate.swift; sourceTree = "<group>"; };
		4BA692B124576031009EA08A /* SceneDelegate.swift */ = {isa = PBXFileReference; lastKnownFileType = sourcecode.swift; path = SceneDelegate.swift; sourceTree = "<group>"; };
		4BA692B324576031009EA08A /* TodoListViewController.swift */ = {isa = PBXFileReference; lastKnownFileType = sourcecode.swift; path = TodoListViewController.swift; sourceTree = "<group>"; };
		4BA692B624576031009EA08A /* Base */ = {isa = PBXFileReference; lastKnownFileType = file.storyboard; name = Base; path = Base.lproj/Main.storyboard; sourceTree = "<group>"; };
		4BA692B824576037009EA08A /* Assets.xcassets */ = {isa = PBXFileReference; lastKnownFileType = folder.assetcatalog; path = Assets.xcassets; sourceTree = "<group>"; };
		4BA692BB24576037009EA08A /* Base */ = {isa = PBXFileReference; lastKnownFileType = file.storyboard; name = Base; path = Base.lproj/LaunchScreen.storyboard; sourceTree = "<group>"; };
		4BA692BD24576037009EA08A /* Info.plist */ = {isa = PBXFileReference; lastKnownFileType = text.plist.xml; path = Info.plist; sourceTree = "<group>"; };
		4BA692C224576037009EA08A /* TodoMVCTests.xctest */ = {isa = PBXFileReference; explicitFileType = wrapper.cfbundle; includeInIndex = 0; path = TodoMVCTests.xctest; sourceTree = BUILT_PRODUCTS_DIR; };
		4BA692C624576037009EA08A /* TodoMVCTests.swift */ = {isa = PBXFileReference; lastKnownFileType = sourcecode.swift; path = TodoMVCTests.swift; sourceTree = "<group>"; };
		4BA692C824576037009EA08A /* Info.plist */ = {isa = PBXFileReference; lastKnownFileType = text.plist.xml; path = Info.plist; sourceTree = "<group>"; };
		4BC6B0B4245F069C00C2585B /* RestClient.swift */ = {isa = PBXFileReference; lastKnownFileType = sourcecode.swift; path = RestClient.swift; sourceTree = "<group>"; };
		4BC6B0B7245F0A7200C2585B /* TodoListPresenter.swift */ = {isa = PBXFileReference; lastKnownFileType = sourcecode.swift; path = TodoListPresenter.swift; sourceTree = "<group>"; };
		4BC6B0E6245F0E4200C2585B /* KRProgressHUD.framework */ = {isa = PBXFileReference; lastKnownFileType = wrapper.framework; name = KRProgressHUD.framework; path = Carthage/Build/iOS/KRProgressHUD.framework; sourceTree = "<group>"; };
		4BC6B0E7245F0E4200C2585B /* KRActivityIndicatorView.framework */ = {isa = PBXFileReference; lastKnownFileType = wrapper.framework; name = KRActivityIndicatorView.framework; path = Carthage/Build/iOS/KRActivityIndicatorView.framework; sourceTree = "<group>"; };
/* End PBXFileReference section */

/* Begin PBXFrameworksBuildPhase section */
		4BA692A924576031009EA08A /* Frameworks */ = {
			isa = PBXFrameworksBuildPhase;
			buildActionMask = 2147483647;
			files = (
				4BC6B0EA245F0E4200C2585B /* KRActivityIndicatorView.framework in Frameworks */,
				4B2745D5245F31730034043F /* TodoModel in Frameworks */,
				4BC6B0E8245F0E4200C2585B /* KRProgressHUD.framework in Frameworks */,
				4B612569245F2C7F00BE68B5 /* CRDT in Frameworks */,
				4B9CD2DD2459F86F00E515A1 /* KeyboardLayoutGuide in Frameworks */,
			);
			runOnlyForDeploymentPostprocessing = 0;
		};
		4BA692BF24576037009EA08A /* Frameworks */ = {
			isa = PBXFrameworksBuildPhase;
			buildActionMask = 2147483647;
			files = (
			);
			runOnlyForDeploymentPostprocessing = 0;
		};
/* End PBXFrameworksBuildPhase section */

/* Begin PBXGroup section */
		4B0C734324576EEC00B4AD3C /* Controllers */ = {
			isa = PBXGroup;
			children = (
				4BA692B324576031009EA08A /* TodoListViewController.swift */,
			);
			path = Controllers;
			sourceTree = "<group>";
		};
		4B0C734424576EF300B4AD3C /* Views */ = {
			isa = PBXGroup;
			children = (
				4B0C734524576F0900B4AD3C /* TodoItemCell.swift */,
			);
			path = Views;
			sourceTree = "<group>";
		};
		4B0EF1822458B0C3003D2E99 /* BO */ = {
			isa = PBXGroup;
			children = (
				4B0EF1842458B0DD003D2E99 /* TodoItem.swift */,
			);
			path = BO;
			sourceTree = "<group>";
		};
		4B0EF1832458B0C9003D2E99 /* Models */ = {
			isa = PBXGroup;
			children = (
				4B0EF1822458B0C3003D2E99 /* BO */,
				4B11FEF8245C4BC4005DC9FA /* Mappers */,
			);
			path = Models;
			sourceTree = "<group>";
		};
		4B11FEF8245C4BC4005DC9FA /* Mappers */ = {
			isa = PBXGroup;
			children = (
				4B11FEF9245C4BD3005DC9FA /* TodoItemMapper.swift */,
			);
			path = Mappers;
			sourceTree = "<group>";
		};
		4B5B16FE2458AD5A002F56AE /* TodoDetails */ = {
			isa = PBXGroup;
			children = (
				4B5B17012458AD7D002F56AE /* Controllers */,
				4B5B17022458AD9D002F56AE /* Views */,
			);
			path = TodoDetails;
			sourceTree = "<group>";
		};
		4B5B17012458AD7D002F56AE /* Controllers */ = {
			isa = PBXGroup;
			children = (
				4B5B16FF2458AD7B002F56AE /* TodoDetailsViewController.swift */,
			);
			path = Controllers;
			sourceTree = "<group>";
		};
		4B5B17022458AD9D002F56AE /* Views */ = {
			isa = PBXGroup;
			children = (
				4B5B17032458ADAF002F56AE /* TagCell.swift */,
			);
			path = Views;
			sourceTree = "<group>";
		};
		4B8E29C4245A195F00F18B34 /* Frameworks */ = {
			isa = PBXGroup;
			children = (
				4BC6B0E7245F0E4200C2585B /* KRActivityIndicatorView.framework */,
				4BC6B0E6245F0E4200C2585B /* KRProgressHUD.framework */,
				4B689142245C9DDA0089DA08 /* TodoModel.framework */,
				4B689140245C9DCF0089DA08 /* TodoModel.framework */,
				4B6E22DB245C8411004EC26F /* libTodoModel.a */,
				4B8E29C5245A195F00F18B34 /* CRDT.framework */,
			);
			name = Frameworks;
			sourceTree = "<group>";
		};
		4B9CD2D72458C28D00E515A1 /* Services */ = {
			isa = PBXGroup;
			children = (
				4B9CD2D82458C2A200E515A1 /* Store.swift */,
				4BC6B0B4245F069C00C2585B /* RestClient.swift */,
			);
			path = Services;
			sourceTree = "<group>";
		};
		4BA692A324576031009EA08A = {
			isa = PBXGroup;
			children = (
				4BA692AD24576031009EA08A /* Products */,
				4BA692AE24576031009EA08A /* TodoMVC */,
				4BA692C524576037009EA08A /* TodoMVCTests */,
				4B8E29C4245A195F00F18B34 /* Frameworks */,
			);
			sourceTree = "<group>";
		};
		4BA692AD24576031009EA08A /* Products */ = {
			isa = PBXGroup;
			children = (
				4BA692AC24576031009EA08A /* TodoMVC.app */,
				4BA692C224576037009EA08A /* TodoMVCTests.xctest */,
			);
			name = Products;
			sourceTree = "<group>";
		};
		4BA692AE24576031009EA08A /* TodoMVC */ = {
			isa = PBXGroup;
			children = (
				4BA692D224576A3E009EA08A /* App */,
				4BA692B824576037009EA08A /* Assets.xcassets */,
				4BA692BD24576037009EA08A /* Info.plist */,
				4BA692BA24576037009EA08A /* LaunchScreen.storyboard */,
				4BA692B524576031009EA08A /* Main.storyboard */,
				4B0EF1832458B0C9003D2E99 /* Models */,
				4BA692D124576A36009EA08A /* Modules */,
				4B9CD2D72458C28D00E515A1 /* Services */,
			);
			path = TodoMVC;
			sourceTree = "<group>";
		};
		4BA692C524576037009EA08A /* TodoMVCTests */ = {
			isa = PBXGroup;
			children = (
				4BA692C624576037009EA08A /* TodoMVCTests.swift */,
				4BA692C824576037009EA08A /* Info.plist */,
			);
			path = TodoMVCTests;
			sourceTree = "<group>";
		};
		4BA692D124576A36009EA08A /* Modules */ = {
			isa = PBXGroup;
			children = (
				4B5B16FE2458AD5A002F56AE /* TodoDetails */,
				4BA692D424576A63009EA08A /* TodoList */,
			);
			path = Modules;
			sourceTree = "<group>";
		};
		4BA692D224576A3E009EA08A /* App */ = {
			isa = PBXGroup;
			children = (
				4BA692AF24576031009EA08A /* AppDelegate.swift */,
				4BA692B124576031009EA08A /* SceneDelegate.swift */,
			);
			path = App;
			sourceTree = "<group>";
		};
		4BA692D424576A63009EA08A /* TodoList */ = {
			isa = PBXGroup;
			children = (
				4B0C734324576EEC00B4AD3C /* Controllers */,
				4BC6B0B6245F0A6200C2585B /* Presenter */,
				4B0C734424576EF300B4AD3C /* Views */,
			);
			path = TodoList;
			sourceTree = "<group>";
		};
		4BC6B0B6245F0A6200C2585B /* Presenter */ = {
			isa = PBXGroup;
			children = (
				4BC6B0B7245F0A7200C2585B /* TodoListPresenter.swift */,
			);
			path = Presenter;
			sourceTree = "<group>";
		};
/* End PBXGroup section */

/* Begin PBXNativeTarget section */
		4BA692AB24576031009EA08A /* TodoMVC */ = {
			isa = PBXNativeTarget;
			buildConfigurationList = 4BA692CB24576037009EA08A /* Build configuration list for PBXNativeTarget "TodoMVC" */;
			buildPhases = (
				4BA692A824576031009EA08A /* Sources */,
				4BA692A924576031009EA08A /* Frameworks */,
				4BA692AA24576031009EA08A /* Resources */,
				4BC6B0EC245F0E8300C2585B /* Carthage */,
			);
			buildRules = (
			);
			dependencies = (
			);
			name = TodoMVC;
			packageProductDependencies = (
				4B9CD2DC2459F86F00E515A1 /* KeyboardLayoutGuide */,
				4B612568245F2C7F00BE68B5 /* CRDT */,
				4B2745D4245F31730034043F /* TodoModel */,
			);
			productName = TodoMVC;
			productReference = 4BA692AC24576031009EA08A /* TodoMVC.app */;
			productType = "com.apple.product-type.application";
		};
		4BA692C124576037009EA08A /* TodoMVCTests */ = {
			isa = PBXNativeTarget;
			buildConfigurationList = 4BA692CE24576037009EA08A /* Build configuration list for PBXNativeTarget "TodoMVCTests" */;
			buildPhases = (
				4BA692BE24576037009EA08A /* Sources */,
				4BA692BF24576037009EA08A /* Frameworks */,
				4BA692C024576037009EA08A /* Resources */,
			);
			buildRules = (
			);
			dependencies = (
				4BA692C424576037009EA08A /* PBXTargetDependency */,
			);
			name = TodoMVCTests;
			productName = TodoMVCTests;
			productReference = 4BA692C224576037009EA08A /* TodoMVCTests.xctest */;
			productType = "com.apple.product-type.bundle.unit-test";
		};
/* End PBXNativeTarget section */

/* Begin PBXProject section */
		4BA692A424576031009EA08A /* Project object */ = {
			isa = PBXProject;
			attributes = {
				LastSwiftUpdateCheck = 1140;
				LastUpgradeCheck = 1140;
				ORGANIZATIONNAME = "Volodymyr Hryhoriev";
				TargetAttributes = {
					4BA692AB24576031009EA08A = {
						CreatedOnToolsVersion = 11.4.1;
					};
					4BA692C124576037009EA08A = {
						CreatedOnToolsVersion = 11.4.1;
						TestTargetID = 4BA692AB24576031009EA08A;
					};
				};
			};
			buildConfigurationList = 4BA692A724576031009EA08A /* Build configuration list for PBXProject "TodoMVC" */;
			compatibilityVersion = "Xcode 9.3";
			developmentRegion = en;
			hasScannedForEncodings = 0;
			knownRegions = (
				en,
				Base,
			);
			mainGroup = 4BA692A324576031009EA08A;
			packageReferences = (
				4B9CD2DB2459F86F00E515A1 /* XCRemoteSwiftPackageReference "KeyboardLayoutGuide" */,
				4B612567245F2C7F00BE68B5 /* XCRemoteSwiftPackageReference "CRDT" */,
				4B2745D3245F31730034043F /* XCRemoteSwiftPackageReference "TodoModel" */,
			);
			productRefGroup = 4BA692AD24576031009EA08A /* Products */;
			projectDirPath = "";
			projectRoot = "";
			targets = (
				4BA692AB24576031009EA08A /* TodoMVC */,
				4BA692C124576037009EA08A /* TodoMVCTests */,
			);
		};
/* End PBXProject section */

/* Begin PBXResourcesBuildPhase section */
		4BA692AA24576031009EA08A /* Resources */ = {
			isa = PBXResourcesBuildPhase;
			buildActionMask = 2147483647;
			files = (
				4BA692BC24576037009EA08A /* LaunchScreen.storyboard in Resources */,
				4BA692B924576037009EA08A /* Assets.xcassets in Resources */,
				4BA692B724576031009EA08A /* Main.storyboard in Resources */,
			);
			runOnlyForDeploymentPostprocessing = 0;
		};
		4BA692C024576037009EA08A /* Resources */ = {
			isa = PBXResourcesBuildPhase;
			buildActionMask = 2147483647;
			files = (
			);
			runOnlyForDeploymentPostprocessing = 0;
		};
/* End PBXResourcesBuildPhase section */

/* Begin PBXShellScriptBuildPhase section */
		4BC6B0EC245F0E8300C2585B /* Carthage */ = {
			isa = PBXShellScriptBuildPhase;
			buildActionMask = 2147483647;
			files = (
			);
			inputFileListPaths = (
			);
			inputPaths = (
				"$(SRCROOT)/Carthage/Build/iOS/KRProgressHUD.framework",
				"$(SRCROOT)/Carthage/Build/iOS/KRActivityIndicatorView.framework",
			);
			name = Carthage;
			outputFileListPaths = (
			);
			outputPaths = (
				"$(BUILT_PRODUCTS_DIR)/$(FRAMEWORKS_FOLDER_PATH)/KRProgressHUD.framework",
				"$(BUILT_PRODUCTS_DIR)/$(FRAMEWORKS_FOLDER_PATH)/KRActivityIndicatorView.framework",
			);
			runOnlyForDeploymentPostprocessing = 0;
			shellPath = /bin/sh;
			shellScript = "/usr/local/bin/carthage copy-frameworks\n";
		};
/* End PBXShellScriptBuildPhase section */

/* Begin PBXSourcesBuildPhase section */
		4BA692A824576031009EA08A /* Sources */ = {
			isa = PBXSourcesBuildPhase;
			buildActionMask = 2147483647;
			files = (
				4B0EF1852458B0DD003D2E99 /* TodoItem.swift in Sources */,
				4B5B17002458AD7B002F56AE /* TodoDetailsViewController.swift in Sources */,
				4BA692B424576031009EA08A /* TodoListViewController.swift in Sources */,
				4B11FEFA245C4BD3005DC9FA /* TodoItemMapper.swift in Sources */,
				4B9CD2D92458C2A200E515A1 /* Store.swift in Sources */,
				4BC6B0B8245F0A7200C2585B /* TodoListPresenter.swift in Sources */,
				4B5B17042458ADAF002F56AE /* TagCell.swift in Sources */,
				4BA692B024576031009EA08A /* AppDelegate.swift in Sources */,
				4B0C734624576F0900B4AD3C /* TodoItemCell.swift in Sources */,
				4BC6B0B5245F069C00C2585B /* RestClient.swift in Sources */,
				4BA692B224576031009EA08A /* SceneDelegate.swift in Sources */,
			);
			runOnlyForDeploymentPostprocessing = 0;
		};
		4BA692BE24576037009EA08A /* Sources */ = {
			isa = PBXSourcesBuildPhase;
			buildActionMask = 2147483647;
			files = (
				4BA692C724576037009EA08A /* TodoMVCTests.swift in Sources */,
			);
			runOnlyForDeploymentPostprocessing = 0;
		};
/* End PBXSourcesBuildPhase section */

/* Begin PBXTargetDependency section */
		4BA692C424576037009EA08A /* PBXTargetDependency */ = {
			isa = PBXTargetDependency;
			target = 4BA692AB24576031009EA08A /* TodoMVC */;
			targetProxy = 4BA692C324576037009EA08A /* PBXContainerItemProxy */;
		};
/* End PBXTargetDependency section */

/* Begin PBXVariantGroup section */
		4BA692B524576031009EA08A /* Main.storyboard */ = {
			isa = PBXVariantGroup;
			children = (
				4BA692B624576031009EA08A /* Base */,
			);
			name = Main.storyboard;
			sourceTree = "<group>";
		};
		4BA692BA24576037009EA08A /* LaunchScreen.storyboard */ = {
			isa = PBXVariantGroup;
			children = (
				4BA692BB24576037009EA08A /* Base */,
			);
			name = LaunchScreen.storyboard;
			sourceTree = "<group>";
		};
/* End PBXVariantGroup section */

/* Begin XCBuildConfiguration section */
		4BA692C924576037009EA08A /* Debug */ = {
			isa = XCBuildConfiguration;
			buildSettings = {
				ALWAYS_SEARCH_USER_PATHS = NO;
				CLANG_ANALYZER_NONNULL = YES;
				CLANG_ANALYZER_NUMBER_OBJECT_CONVERSION = YES_AGGRESSIVE;
				CLANG_CXX_LANGUAGE_STANDARD = "gnu++14";
				CLANG_CXX_LIBRARY = "libc++";
				CLANG_ENABLE_MODULES = YES;
				CLANG_ENABLE_OBJC_ARC = YES;
				CLANG_ENABLE_OBJC_WEAK = YES;
				CLANG_WARN_BLOCK_CAPTURE_AUTORELEASING = YES;
				CLANG_WARN_BOOL_CONVERSION = YES;
				CLANG_WARN_COMMA = YES;
				CLANG_WARN_CONSTANT_CONVERSION = YES;
				CLANG_WARN_DEPRECATED_OBJC_IMPLEMENTATIONS = YES;
				CLANG_WARN_DIRECT_OBJC_ISA_USAGE = YES_ERROR;
				CLANG_WARN_DOCUMENTATION_COMMENTS = YES;
				CLANG_WARN_EMPTY_BODY = YES;
				CLANG_WARN_ENUM_CONVERSION = YES;
				CLANG_WARN_INFINITE_RECURSION = YES;
				CLANG_WARN_INT_CONVERSION = YES;
				CLANG_WARN_NON_LITERAL_NULL_CONVERSION = YES;
				CLANG_WARN_OBJC_IMPLICIT_RETAIN_SELF = YES;
				CLANG_WARN_OBJC_LITERAL_CONVERSION = YES;
				CLANG_WARN_OBJC_ROOT_CLASS = YES_ERROR;
				CLANG_WARN_RANGE_LOOP_ANALYSIS = YES;
				CLANG_WARN_STRICT_PROTOTYPES = YES;
				CLANG_WARN_SUSPICIOUS_MOVE = YES;
				CLANG_WARN_UNGUARDED_AVAILABILITY = YES_AGGRESSIVE;
				CLANG_WARN_UNREACHABLE_CODE = YES;
				CLANG_WARN__DUPLICATE_METHOD_MATCH = YES;
				COPY_PHASE_STRIP = NO;
				DEBUG_INFORMATION_FORMAT = dwarf;
				ENABLE_STRICT_OBJC_MSGSEND = YES;
				ENABLE_TESTABILITY = YES;
				GCC_C_LANGUAGE_STANDARD = gnu11;
				GCC_DYNAMIC_NO_PIC = NO;
				GCC_NO_COMMON_BLOCKS = YES;
				GCC_OPTIMIZATION_LEVEL = 0;
				GCC_PREPROCESSOR_DEFINITIONS = (
					"DEBUG=1",
					"$(inherited)",
				);
				GCC_WARN_64_TO_32_BIT_CONVERSION = YES;
				GCC_WARN_ABOUT_RETURN_TYPE = YES_ERROR;
				GCC_WARN_UNDECLARED_SELECTOR = YES;
				GCC_WARN_UNINITIALIZED_AUTOS = YES_AGGRESSIVE;
				GCC_WARN_UNUSED_FUNCTION = YES;
				GCC_WARN_UNUSED_VARIABLE = YES;
				IPHONEOS_DEPLOYMENT_TARGET = 13.4;
				MTL_ENABLE_DEBUG_INFO = INCLUDE_SOURCE;
				MTL_FAST_MATH = YES;
				ONLY_ACTIVE_ARCH = YES;
				SDKROOT = iphoneos;
				SWIFT_ACTIVE_COMPILATION_CONDITIONS = DEBUG;
				SWIFT_OPTIMIZATION_LEVEL = "-Onone";
			};
			name = Debug;
		};
		4BA692CA24576037009EA08A /* Release */ = {
			isa = XCBuildConfiguration;
			buildSettings = {
				ALWAYS_SEARCH_USER_PATHS = NO;
				CLANG_ANALYZER_NONNULL = YES;
				CLANG_ANALYZER_NUMBER_OBJECT_CONVERSION = YES_AGGRESSIVE;
				CLANG_CXX_LANGUAGE_STANDARD = "gnu++14";
				CLANG_CXX_LIBRARY = "libc++";
				CLANG_ENABLE_MODULES = YES;
				CLANG_ENABLE_OBJC_ARC = YES;
				CLANG_ENABLE_OBJC_WEAK = YES;
				CLANG_WARN_BLOCK_CAPTURE_AUTORELEASING = YES;
				CLANG_WARN_BOOL_CONVERSION = YES;
				CLANG_WARN_COMMA = YES;
				CLANG_WARN_CONSTANT_CONVERSION = YES;
				CLANG_WARN_DEPRECATED_OBJC_IMPLEMENTATIONS = YES;
				CLANG_WARN_DIRECT_OBJC_ISA_USAGE = YES_ERROR;
				CLANG_WARN_DOCUMENTATION_COMMENTS = YES;
				CLANG_WARN_EMPTY_BODY = YES;
				CLANG_WARN_ENUM_CONVERSION = YES;
				CLANG_WARN_INFINITE_RECURSION = YES;
				CLANG_WARN_INT_CONVERSION = YES;
				CLANG_WARN_NON_LITERAL_NULL_CONVERSION = YES;
				CLANG_WARN_OBJC_IMPLICIT_RETAIN_SELF = YES;
				CLANG_WARN_OBJC_LITERAL_CONVERSION = YES;
				CLANG_WARN_OBJC_ROOT_CLASS = YES_ERROR;
				CLANG_WARN_RANGE_LOOP_ANALYSIS = YES;
				CLANG_WARN_STRICT_PROTOTYPES = YES;
				CLANG_WARN_SUSPICIOUS_MOVE = YES;
				CLANG_WARN_UNGUARDED_AVAILABILITY = YES_AGGRESSIVE;
				CLANG_WARN_UNREACHABLE_CODE = YES;
				CLANG_WARN__DUPLICATE_METHOD_MATCH = YES;
				COPY_PHASE_STRIP = NO;
				DEBUG_INFORMATION_FORMAT = "dwarf-with-dsym";
				ENABLE_NS_ASSERTIONS = NO;
				ENABLE_STRICT_OBJC_MSGSEND = YES;
				GCC_C_LANGUAGE_STANDARD = gnu11;
				GCC_NO_COMMON_BLOCKS = YES;
				GCC_WARN_64_TO_32_BIT_CONVERSION = YES;
				GCC_WARN_ABOUT_RETURN_TYPE = YES_ERROR;
				GCC_WARN_UNDECLARED_SELECTOR = YES;
				GCC_WARN_UNINITIALIZED_AUTOS = YES_AGGRESSIVE;
				GCC_WARN_UNUSED_FUNCTION = YES;
				GCC_WARN_UNUSED_VARIABLE = YES;
				IPHONEOS_DEPLOYMENT_TARGET = 13.4;
				MTL_ENABLE_DEBUG_INFO = NO;
				MTL_FAST_MATH = YES;
				SDKROOT = iphoneos;
				SWIFT_COMPILATION_MODE = wholemodule;
				SWIFT_OPTIMIZATION_LEVEL = "-O";
				VALIDATE_PRODUCT = YES;
			};
			name = Release;
		};
		4BA692CC24576037009EA08A /* Debug */ = {
			isa = XCBuildConfiguration;
			buildSettings = {
				ASSETCATALOG_COMPILER_APPICON_NAME = AppIcon;
				CODE_SIGN_STYLE = Automatic;
				DEVELOPMENT_TEAM = MQ7UXJJ9YY;
				FRAMEWORK_SEARCH_PATHS = (
					"$(inherited)",
					"$(PROJECT_DIR)/Carthage/Build/iOS",
				);
				INFOPLIST_FILE = TodoMVC/Info.plist;
				LD_RUNPATH_SEARCH_PATHS = (
					"$(inherited)",
					"@executable_path/Frameworks",
				);
				PRODUCT_BUNDLE_IDENTIFIER = com.specialfor.TodoMVC;
				PRODUCT_NAME = "$(TARGET_NAME)";
				SWIFT_VERSION = 5.0;
				TARGETED_DEVICE_FAMILY = "1,2";
			};
			name = Debug;
		};
		4BA692CD24576037009EA08A /* Release */ = {
			isa = XCBuildConfiguration;
			buildSettings = {
				ASSETCATALOG_COMPILER_APPICON_NAME = AppIcon;
				CODE_SIGN_STYLE = Automatic;
				DEVELOPMENT_TEAM = MQ7UXJJ9YY;
				FRAMEWORK_SEARCH_PATHS = (
					"$(inherited)",
					"$(PROJECT_DIR)/Carthage/Build/iOS",
				);
				INFOPLIST_FILE = TodoMVC/Info.plist;
				LD_RUNPATH_SEARCH_PATHS = (
					"$(inherited)",
					"@executable_path/Frameworks",
				);
				PRODUCT_BUNDLE_IDENTIFIER = com.specialfor.TodoMVC;
				PRODUCT_NAME = "$(TARGET_NAME)";
				SWIFT_VERSION = 5.0;
				TARGETED_DEVICE_FAMILY = "1,2";
			};
			name = Release;
		};
		4BA692CF24576037009EA08A /* Debug */ = {
			isa = XCBuildConfiguration;
			buildSettings = {
				ALWAYS_EMBED_SWIFT_STANDARD_LIBRARIES = YES;
				BUNDLE_LOADER = "$(TEST_HOST)";
				CODE_SIGN_STYLE = Automatic;
				DEVELOPMENT_TEAM = MQ7UXJJ9YY;
				INFOPLIST_FILE = TodoMVCTests/Info.plist;
				IPHONEOS_DEPLOYMENT_TARGET = 13.4;
				LD_RUNPATH_SEARCH_PATHS = (
					"$(inherited)",
					"@executable_path/Frameworks",
					"@loader_path/Frameworks",
				);
				PRODUCT_BUNDLE_IDENTIFIER = com.specialfor.TodoMVCTests;
				PRODUCT_NAME = "$(TARGET_NAME)";
				SWIFT_VERSION = 5.0;
				TARGETED_DEVICE_FAMILY = "1,2";
				TEST_HOST = "$(BUILT_PRODUCTS_DIR)/TodoMVC.app/TodoMVC";
			};
			name = Debug;
		};
		4BA692D024576037009EA08A /* Release */ = {
			isa = XCBuildConfiguration;
			buildSettings = {
				ALWAYS_EMBED_SWIFT_STANDARD_LIBRARIES = YES;
				BUNDLE_LOADER = "$(TEST_HOST)";
				CODE_SIGN_STYLE = Automatic;
				DEVELOPMENT_TEAM = MQ7UXJJ9YY;
				INFOPLIST_FILE = TodoMVCTests/Info.plist;
				IPHONEOS_DEPLOYMENT_TARGET = 13.4;
				LD_RUNPATH_SEARCH_PATHS = (
					"$(inherited)",
					"@executable_path/Frameworks",
					"@loader_path/Frameworks",
				);
				PRODUCT_BUNDLE_IDENTIFIER = com.specialfor.TodoMVCTests;
				PRODUCT_NAME = "$(TARGET_NAME)";
				SWIFT_VERSION = 5.0;
				TARGETED_DEVICE_FAMILY = "1,2";
				TEST_HOST = "$(BUILT_PRODUCTS_DIR)/TodoMVC.app/TodoMVC";
			};
			name = Release;
		};
/* End XCBuildConfiguration section */

/* Begin XCConfigurationList section */
		4BA692A724576031009EA08A /* Build configuration list for PBXProject "TodoMVC" */ = {
			isa = XCConfigurationList;
			buildConfigurations = (
				4BA692C924576037009EA08A /* Debug */,
				4BA692CA24576037009EA08A /* Release */,
			);
			defaultConfigurationIsVisible = 0;
			defaultConfigurationName = Release;
		};
		4BA692CB24576037009EA08A /* Build configuration list for PBXNativeTarget "TodoMVC" */ = {
			isa = XCConfigurationList;
			buildConfigurations = (
				4BA692CC24576037009EA08A /* Debug */,
				4BA692CD24576037009EA08A /* Release */,
			);
			defaultConfigurationIsVisible = 0;
			defaultConfigurationName = Release;
		};
		4BA692CE24576037009EA08A /* Build configuration list for PBXNativeTarget "TodoMVCTests" */ = {
			isa = XCConfigurationList;
			buildConfigurations = (
				4BA692CF24576037009EA08A /* Debug */,
				4BA692D024576037009EA08A /* Release */,
			);
			defaultConfigurationIsVisible = 0;
			defaultConfigurationName = Release;
		};
/* End XCConfigurationList section */

/* Begin XCRemoteSwiftPackageReference section */
		4B2745D3245F31730034043F /* XCRemoteSwiftPackageReference "TodoModel" */ = {
			isa = XCRemoteSwiftPackageReference;
			repositoryURL = "https://github.com/specialfor/TodoModel";
			requirement = {
				branch = master;
				kind = branch;
			};
		};
		4B612567245F2C7F00BE68B5 /* XCRemoteSwiftPackageReference "CRDT" */ = {
			isa = XCRemoteSwiftPackageReference;
			repositoryURL = "https://github.com/specialfor/CRDT";
			requirement = {
				branch = develop;
				kind = branch;
			};
		};
		4B9CD2DB2459F86F00E515A1 /* XCRemoteSwiftPackageReference "KeyboardLayoutGuide" */ = {
			isa = XCRemoteSwiftPackageReference;
			repositoryURL = "https://github.com/freshOS/KeyboardLayoutGuide";
			requirement = {
				kind = upToNextMajorVersion;
				minimumVersion = 1.7.0;
			};
		};
/* End XCRemoteSwiftPackageReference section */

/* Begin XCSwiftPackageProductDependency section */
		4B2745D4245F31730034043F /* TodoModel */ = {
			isa = XCSwiftPackageProductDependency;
			package = 4B2745D3245F31730034043F /* XCRemoteSwiftPackageReference "TodoModel" */;
			productName = TodoModel;
		};
		4B612568245F2C7F00BE68B5 /* CRDT */ = {
			isa = XCSwiftPackageProductDependency;
			package = 4B612567245F2C7F00BE68B5 /* XCRemoteSwiftPackageReference "CRDT" */;
			productName = CRDT;
		};
		4B9CD2DC2459F86F00E515A1 /* KeyboardLayoutGuide */ = {
			isa = XCSwiftPackageProductDependency;
			package = 4B9CD2DB2459F86F00E515A1 /* XCRemoteSwiftPackageReference "KeyboardLayoutGuide" */;
			productName = KeyboardLayoutGuide;
		};
/* End XCSwiftPackageProductDependency section */
	};
	rootObject = 4BA692A424576031009EA08A /* Project object */;
}
